
Microsoft Visual Studio Solution File, Format Version 12.00
# Visual Studio Version 16
VisualStudioVersion = 16.0.29418.71
MinimumVisualStudioVersion = 10.0.40219.1
Project("{2150E333-8FDC-42A3-9474-1A3956D46DE8}") = "test", "test", "{504DEFFF-A2A5-4E07-A256-76F0C134CE8E}"
EndProject
Project("{2150E333-8FDC-42A3-9474-1A3956D46DE8}") = "src", "src", "{D4755BA7-A689-4E74-94DA-C3B47794D542}"
EndProject
Project("{9A19103F-16F7-4668-BE54-9A1E7A4F7556}") = "SimulatedExchange.Abstraction", "src\SimulatedExchange.Abstraction\SimulatedExchange.Abstraction.csproj", "{C2B99056-90E7-450C-81AB-4ECC44ADAA63}"
EndProject
Project("{9A19103F-16F7-4668-BE54-9A1E7A4F7556}") = "SimulatedExchange.Utilities", "src\SimulatedExchange.Utilities\SimulatedExchange.Utilities.csproj", "{3B8CE0AB-0286-47F2-AADA-16A16586E6CD}"
EndProject
Project("{9A19103F-16F7-4668-BE54-9A1E7A4F7556}") = "SimulatedExchange.Commands", "src\SimulatedExchange.Commands\SimulatedExchange.Commands.csproj", "{6BB26F1A-BD9C-40D1-80B0-7DB639D8E893}"
EndProject
Project("{9A19103F-16F7-4668-BE54-9A1E7A4F7556}") = "SimulatedExchange.Queries", "src\SimulatedExchange.Queries\SimulatedExchange.Queries.csproj", "{4C41DE9B-0C7F-44B9-9B4B-4AF15D5DDBF0}"
EndProject
Project("{9A19103F-16F7-4668-BE54-9A1E7A4F7556}") = "SimulatedExchange.Domain", "src\SimulatedExchange.Domain\SimulatedExchange.Domain.csproj", "{A3BBA1FC-FB12-4051-A8D9-15CA83399B5B}"
EndProject
Project("{9A19103F-16F7-4668-BE54-9A1E7A4F7556}") = "SimulatedExchange.Applications", "src\SimulatedExchange.Applications\SimulatedExchange.Applications.csproj", "{7E2F95C5-07C6-42DB-B378-A2A90A45BC49}"
EndProject
Project("{9A19103F-16F7-4668-BE54-9A1E7A4F7556}") = "SimulatedExchange.Api", "src\SimulatedExchange.Api\SimulatedExchange.Api.csproj", "{1A53929A-A283-4B60-B009-EC8B96998B1E}"
EndProject
Project("{9A19103F-16F7-4668-BE54-9A1E7A4F7556}") = "SimulatedExchange.DataAccess.Abstraction", "src\SimulatedExchange.DataAccess.Abstraction\SimulatedExchange.DataAccess.Abstraction.csproj", "{F8DF1677-9810-4102-BCF2-EB393AE7A51C}"
EndProject
Project("{9A19103F-16F7-4668-BE54-9A1E7A4F7556}") = "SimulatedExchange.DataAccess.MySQL", "src\SimulatedExchange.DataAccess.MySQL\SimulatedExchange.DataAccess.MySQL.csproj", "{51109C10-09D5-4BAC-9A39-3CDFA936ED9C}"
EndProject
Project("{FAE04EC0-301F-11D3-BF4B-00C04F79EFBC}") = "SimulatedExchange.ClientAdapter.Abstraction", "src\SimulatedExchange.ClientAdapter.Abstraction\SimulatedExchange.ClientAdapter.Abstraction.csproj", "{B6CA8115-1FA0-406A-9192-557B9E498A92}"
EndProject
Project("{FAE04EC0-301F-11D3-BF4B-00C04F79EFBC}") = "SimulatedExchange.DataAccess.Memory", "src\SimulatedExchange.DataAccess.Memory\SimulatedExchange.DataAccess.Memory.csproj", "{D937761D-B177-4B60-8927-A6775C68D73B}"
EndProject
Global
	GlobalSection(SolutionConfigurationPlatforms) = preSolution
		Debug|Any CPU = Debug|Any CPU
		Release|Any CPU = Release|Any CPU
	EndGlobalSection
	GlobalSection(ProjectConfigurationPlatforms) = postSolution
		{C2B99056-90E7-450C-81AB-4ECC44ADAA63}.Debug|Any CPU.ActiveCfg = Debug|Any CPU
		{C2B99056-90E7-450C-81AB-4ECC44ADAA63}.Debug|Any CPU.Build.0 = Debug|Any CPU
		{C2B99056-90E7-450C-81AB-4ECC44ADAA63}.Release|Any CPU.ActiveCfg = Release|Any CPU
		{C2B99056-90E7-450C-81AB-4ECC44ADAA63}.Release|Any CPU.Build.0 = Release|Any CPU
		{3B8CE0AB-0286-47F2-AADA-16A16586E6CD}.Debug|Any CPU.ActiveCfg = Debug|Any CPU
		{3B8CE0AB-0286-47F2-AADA-16A16586E6CD}.Debug|Any CPU.Build.0 = Debug|Any CPU
		{3B8CE0AB-0286-47F2-AADA-16A16586E6CD}.Release|Any CPU.ActiveCfg = Release|Any CPU
		{3B8CE0AB-0286-47F2-AADA-16A16586E6CD}.Release|Any CPU.Build.0 = Release|Any CPU
		{6BB26F1A-BD9C-40D1-80B0-7DB639D8E893}.Debug|Any CPU.ActiveCfg = Debug|Any CPU
		{6BB26F1A-BD9C-40D1-80B0-7DB639D8E893}.Debug|Any CPU.Build.0 = Debug|Any CPU
		{6BB26F1A-BD9C-40D1-80B0-7DB639D8E893}.Release|Any CPU.ActiveCfg = Release|Any CPU
		{6BB26F1A-BD9C-40D1-80B0-7DB639D8E893}.Release|Any CPU.Build.0 = Release|Any CPU
		{4C41DE9B-0C7F-44B9-9B4B-4AF15D5DDBF0}.Debug|Any CPU.ActiveCfg = Debug|Any CPU
		{4C41DE9B-0C7F-44B9-9B4B-4AF15D5DDBF0}.Debug|Any CPU.Build.0 = Debug|Any CPU
		{4C41DE9B-0C7F-44B9-9B4B-4AF15D5DDBF0}.Release|Any CPU.ActiveCfg = Release|Any CPU
		{4C41DE9B-0C7F-44B9-9B4B-4AF15D5DDBF0}.Release|Any CPU.Build.0 = Release|Any CPU
		{A3BBA1FC-FB12-4051-A8D9-15CA83399B5B}.Debug|Any CPU.ActiveCfg = Debug|Any CPU
		{A3BBA1FC-FB12-4051-A8D9-15CA83399B5B}.Debug|Any CPU.Build.0 = Debug|Any CPU
		{A3BBA1FC-FB12-4051-A8D9-15CA83399B5B}.Release|Any CPU.ActiveCfg = Release|Any CPU
		{A3BBA1FC-FB12-4051-A8D9-15CA83399B5B}.Release|Any CPU.Build.0 = Release|Any CPU
		{7E2F95C5-07C6-42DB-B378-A2A90A45BC49}.Debug|Any CPU.ActiveCfg = Debug|Any CPU
		{7E2F95C5-07C6-42DB-B378-A2A90A45BC49}.Debug|Any CPU.Build.0 = Debug|Any CPU
		{7E2F95C5-07C6-42DB-B378-A2A90A45BC49}.Release|Any CPU.ActiveCfg = Release|Any CPU
		{7E2F95C5-07C6-42DB-B378-A2A90A45BC49}.Release|Any CPU.Build.0 = Release|Any CPU
		{1A53929A-A283-4B60-B009-EC8B96998B1E}.Debug|Any CPU.ActiveCfg = Debug|Any CPU
		{1A53929A-A283-4B60-B009-EC8B96998B1E}.Debug|Any CPU.Build.0 = Debug|Any CPU
		{1A53929A-A283-4B60-B009-EC8B96998B1E}.Release|Any CPU.ActiveCfg = Release|Any CPU
		{1A53929A-A283-4B60-B009-EC8B96998B1E}.Release|Any CPU.Build.0 = Release|Any CPU
		{F8DF1677-9810-4102-BCF2-EB393AE7A51C}.Debug|Any CPU.ActiveCfg = Debug|Any CPU
		{F8DF1677-9810-4102-BCF2-EB393AE7A51C}.Debug|Any CPU.Build.0 = Debug|Any CPU
		{F8DF1677-9810-4102-BCF2-EB393AE7A51C}.Release|Any CPU.ActiveCfg = Release|Any CPU
		{F8DF1677-9810-4102-BCF2-EB393AE7A51C}.Release|Any CPU.Build.0 = Release|Any CPU
		{51109C10-09D5-4BAC-9A39-3CDFA936ED9C}.Debug|Any CPU.ActiveCfg = Debug|Any CPU
		{51109C10-09D5-4BAC-9A39-3CDFA936ED9C}.Debug|Any CPU.Build.0 = Debug|Any CPU
		{51109C10-09D5-4BAC-9A39-3CDFA936ED9C}.Release|Any CPU.ActiveCfg = Release|Any CPU
		{51109C10-09D5-4BAC-9A39-3CDFA936ED9C}.Release|Any CPU.Build.0 = Release|Any CPU
		{B6CA8115-1FA0-406A-9192-557B9E498A92}.Debug|Any CPU.ActiveCfg = Debug|Any CPU
		{B6CA8115-1FA0-406A-9192-557B9E498A92}.Debug|Any CPU.Build.0 = Debug|Any CPU
		{B6CA8115-1FA0-406A-9192-557B9E498A92}.Release|Any CPU.ActiveCfg = Release|Any CPU
		{B6CA8115-1FA0-406A-9192-557B9E498A92}.Release|Any CPU.Build.0 = Release|Any CPU
		{D937761D-B177-4B60-8927-A6775C68D73B}.Debug|Any CPU.ActiveCfg = Debug|Any CPU
		{D937761D-B177-4B60-8927-A6775C68D73B}.Debug|Any CPU.Build.0 = Debug|Any CPU
		{D937761D-B177-4B60-8927-A6775C68D73B}.Release|Any CPU.ActiveCfg = Release|Any CPU
		{D937761D-B177-4B60-8927-A6775C68D73B}.Release|Any CPU.Build.0 = Release|Any CPU
	EndGlobalSection
	GlobalSection(SolutionProperties) = preSolution
		HideSolutionNode = FALSE
	EndGlobalSection
	GlobalSection(NestedProjects) = preSolution
		{C2B99056-90E7-450C-81AB-4ECC44ADAA63} = {D4755BA7-A689-4E74-94DA-C3B47794D542}
		{3B8CE0AB-0286-47F2-AADA-16A16586E6CD} = {D4755BA7-A689-4E74-94DA-C3B47794D542}
		{6BB26F1A-BD9C-40D1-80B0-7DB639D8E893} = {D4755BA7-A689-4E74-94DA-C3B47794D542}
		{4C41DE9B-0C7F-44B9-9B4B-4AF15D5DDBF0} = {D4755BA7-A689-4E74-94DA-C3B47794D542}
		{A3BBA1FC-FB12-4051-A8D9-15CA83399B5B} = {D4755BA7-A689-4E74-94DA-C3B47794D542}
		{7E2F95C5-07C6-42DB-B378-A2A90A45BC49} = {D4755BA7-A689-4E74-94DA-C3B47794D542}
		{1A53929A-A283-4B60-B009-EC8B96998B1E} = {D4755BA7-A689-4E74-94DA-C3B47794D542}
		{F8DF1677-9810-4102-BCF2-EB393AE7A51C} = {D4755BA7-A689-4E74-94DA-C3B47794D542}
		{51109C10-09D5-4BAC-9A39-3CDFA936ED9C} = {D4755BA7-A689-4E74-94DA-C3B47794D542}
		{B6CA8115-1FA0-406A-9192-557B9E498A92} = {D4755BA7-A689-4E74-94DA-C3B47794D542}
		{D937761D-B177-4B60-8927-A6775C68D73B} = {D4755BA7-A689-4E74-94DA-C3B47794D542}
	EndGlobalSection
	GlobalSection(ExtensibilityGlobals) = postSolution
		SolutionGuid = {D8F3F05D-5A56-40C8-9A7F-575460D8D99F}
	EndGlobalSection
EndGlobal
