
Microsoft Visual Studio Solution File, Format Version 12.00
# Visual Studio Version 16
VisualStudioVersion = 16.0.29418.71
MinimumVisualStudioVersion = 10.0.40219.1
Project("{2150E333-8FDC-42A3-9474-1A3956D46DE8}") = "test", "test", "{504DEFFF-A2A5-4E07-A256-76F0C134CE8E}"
EndProject
Project("{2150E333-8FDC-42A3-9474-1A3956D46DE8}") = "src", "src", "{D4755BA7-A689-4E74-94DA-C3B47794D542}"
EndProject
Project("{9A19103F-16F7-4668-BE54-9A1E7A4F7556}") = "SimulatedExchange.DataAccess", "src\SimulatedExchange.DataAccess\SimulatedExchange.DataAccess.csproj", "{3CD61141-9DFB-4EB3-B586-BABC6DCFE8B9}"
EndProject
Project("{9A19103F-16F7-4668-BE54-9A1E7A4F7556}") = "SimulatedExchange.Abstraction", "src\SimulatedExchange.Abstraction\SimulatedExchange.Abstraction.csproj", "{C2B99056-90E7-450C-81AB-4ECC44ADAA63}"
EndProject
Project("{9A19103F-16F7-4668-BE54-9A1E7A4F7556}") = "SimulatedExchange.Utilities", "src\SimulatedExchange.Utilities\SimulatedExchange.Utilities.csproj", "{3B8CE0AB-0286-47F2-AADA-16A16586E6CD}"
EndProject
Project("{FAE04EC0-301F-11D3-BF4B-00C04F79EFBC}") = "SimulatedExchange.Commands", "src\SimulatedExchange.Commands\SimulatedExchange.Commands.csproj", "{6BB26F1A-BD9C-40D1-80B0-7DB639D8E893}"
EndProject
Project("{FAE04EC0-301F-11D3-BF4B-00C04F79EFBC}") = "SimulatedExchange.Queries", "src\SimulatedExchange.Queries\SimulatedExchange.Queries.csproj", "{4C41DE9B-0C7F-44B9-9B4B-4AF15D5DDBF0}"
EndProject
Project("{FAE04EC0-301F-11D3-BF4B-00C04F79EFBC}") = "SimulatedExchange.Domain", "src\SimulatedExchange.Domain\SimulatedExchange.Domain.csproj", "{A3BBA1FC-FB12-4051-A8D9-15CA83399B5B}"
EndProject
Project("{9A19103F-16F7-4668-BE54-9A1E7A4F7556}") = "SimulatedExchange.Infrastructure", "src\SimulatedExchange.Infrastructure\SimulatedExchange.Infrastructure.csproj", "{ECA6D9DC-9750-4BC1-8FC1-0BA2E1F0A1A6}"
EndProject
Project("{FAE04EC0-301F-11D3-BF4B-00C04F79EFBC}") = "SimulatedExchange.Applications", "src\SimulatedExchange.Applications\SimulatedExchange.Applications.csproj", "{7E2F95C5-07C6-42DB-B378-A2A90A45BC49}"
EndProject
Project("{FAE04EC0-301F-11D3-BF4B-00C04F79EFBC}") = "SimulatedExchange.Api", "SimulatedExchange.Api\SimulatedExchange.Api.csproj", "{E209A823-D997-46E9-ABBF-529CDC015E69}"
EndProject
Global
	GlobalSection(SolutionConfigurationPlatforms) = preSolution
		Debug|Any CPU = Debug|Any CPU
		Release|Any CPU = Release|Any CPU
	EndGlobalSection
	GlobalSection(ProjectConfigurationPlatforms) = postSolution
		{3CD61141-9DFB-4EB3-B586-BABC6DCFE8B9}.Debug|Any CPU.ActiveCfg = Debug|Any CPU
		{3CD61141-9DFB-4EB3-B586-BABC6DCFE8B9}.Debug|Any CPU.Build.0 = Debug|Any CPU
		{3CD61141-9DFB-4EB3-B586-BABC6DCFE8B9}.Release|Any CPU.ActiveCfg = Release|Any CPU
		{3CD61141-9DFB-4EB3-B586-BABC6DCFE8B9}.Release|Any CPU.Build.0 = Release|Any CPU
		{C2B99056-90E7-450C-81AB-4ECC44ADAA63}.Debug|Any CPU.ActiveCfg = Debug|Any CPU
		{C2B99056-90E7-450C-81AB-4ECC44ADAA63}.Debug|Any CPU.Build.0 = Debug|Any CPU
		{C2B99056-90E7-450C-81AB-4ECC44ADAA63}.Release|Any CPU.ActiveCfg = Release|Any CPU
		{C2B99056-90E7-450C-81AB-4ECC44ADAA63}.Release|Any CPU.Build.0 = Release|Any CPU
		{3B8CE0AB-0286-47F2-AADA-16A16586E6CD}.Debug|Any CPU.ActiveCfg = Debug|Any CPU
		{3B8CE0AB-0286-47F2-AADA-16A16586E6CD}.Debug|Any CPU.Build.0 = Debug|Any CPU
		{3B8CE0AB-0286-47F2-AADA-16A16586E6CD}.Release|Any CPU.ActiveCfg = Release|Any CPU
		{3B8CE0AB-0286-47F2-AADA-16A16586E6CD}.Release|Any CPU.Build.0 = Release|Any CPU
		{6BB26F1A-BD9C-40D1-80B0-7DB639D8E893}.Debug|Any CPU.ActiveCfg = Debug|Any CPU
		{6BB26F1A-BD9C-40D1-80B0-7DB639D8E893}.Debug|Any CPU.Build.0 = Debug|Any CPU
		{6BB26F1A-BD9C-40D1-80B0-7DB639D8E893}.Release|Any CPU.ActiveCfg = Release|Any CPU
		{6BB26F1A-BD9C-40D1-80B0-7DB639D8E893}.Release|Any CPU.Build.0 = Release|Any CPU
		{4C41DE9B-0C7F-44B9-9B4B-4AF15D5DDBF0}.Debug|Any CPU.ActiveCfg = Debug|Any CPU
		{4C41DE9B-0C7F-44B9-9B4B-4AF15D5DDBF0}.Debug|Any CPU.Build.0 = Debug|Any CPU
		{4C41DE9B-0C7F-44B9-9B4B-4AF15D5DDBF0}.Release|Any CPU.ActiveCfg = Release|Any CPU
		{4C41DE9B-0C7F-44B9-9B4B-4AF15D5DDBF0}.Release|Any CPU.Build.0 = Release|Any CPU
		{A3BBA1FC-FB12-4051-A8D9-15CA83399B5B}.Debug|Any CPU.ActiveCfg = Debug|Any CPU
		{A3BBA1FC-FB12-4051-A8D9-15CA83399B5B}.Debug|Any CPU.Build.0 = Debug|Any CPU
		{A3BBA1FC-FB12-4051-A8D9-15CA83399B5B}.Release|Any CPU.ActiveCfg = Release|Any CPU
		{A3BBA1FC-FB12-4051-A8D9-15CA83399B5B}.Release|Any CPU.Build.0 = Release|Any CPU
		{ECA6D9DC-9750-4BC1-8FC1-0BA2E1F0A1A6}.Debug|Any CPU.ActiveCfg = Debug|Any CPU
		{ECA6D9DC-9750-4BC1-8FC1-0BA2E1F0A1A6}.Debug|Any CPU.Build.0 = Debug|Any CPU
		{ECA6D9DC-9750-4BC1-8FC1-0BA2E1F0A1A6}.Release|Any CPU.ActiveCfg = Release|Any CPU
		{ECA6D9DC-9750-4BC1-8FC1-0BA2E1F0A1A6}.Release|Any CPU.Build.0 = Release|Any CPU
		{7E2F95C5-07C6-42DB-B378-A2A90A45BC49}.Debug|Any CPU.ActiveCfg = Debug|Any CPU
		{7E2F95C5-07C6-42DB-B378-A2A90A45BC49}.Debug|Any CPU.Build.0 = Debug|Any CPU
		{7E2F95C5-07C6-42DB-B378-A2A90A45BC49}.Release|Any CPU.ActiveCfg = Release|Any CPU
		{7E2F95C5-07C6-42DB-B378-A2A90A45BC49}.Release|Any CPU.Build.0 = Release|Any CPU
		{E209A823-D997-46E9-ABBF-529CDC015E69}.Debug|Any CPU.ActiveCfg = Debug|Any CPU
		{E209A823-D997-46E9-ABBF-529CDC015E69}.Debug|Any CPU.Build.0 = Debug|Any CPU
		{E209A823-D997-46E9-ABBF-529CDC015E69}.Release|Any CPU.ActiveCfg = Release|Any CPU
		{E209A823-D997-46E9-ABBF-529CDC015E69}.Release|Any CPU.Build.0 = Release|Any CPU
	EndGlobalSection
	GlobalSection(SolutionProperties) = preSolution
		HideSolutionNode = FALSE
	EndGlobalSection
	GlobalSection(NestedProjects) = preSolution
		{3CD61141-9DFB-4EB3-B586-BABC6DCFE8B9} = {D4755BA7-A689-4E74-94DA-C3B47794D542}
		{C2B99056-90E7-450C-81AB-4ECC44ADAA63} = {D4755BA7-A689-4E74-94DA-C3B47794D542}
		{3B8CE0AB-0286-47F2-AADA-16A16586E6CD} = {D4755BA7-A689-4E74-94DA-C3B47794D542}
		{6BB26F1A-BD9C-40D1-80B0-7DB639D8E893} = {D4755BA7-A689-4E74-94DA-C3B47794D542}
		{4C41DE9B-0C7F-44B9-9B4B-4AF15D5DDBF0} = {D4755BA7-A689-4E74-94DA-C3B47794D542}
		{A3BBA1FC-FB12-4051-A8D9-15CA83399B5B} = {D4755BA7-A689-4E74-94DA-C3B47794D542}
		{ECA6D9DC-9750-4BC1-8FC1-0BA2E1F0A1A6} = {D4755BA7-A689-4E74-94DA-C3B47794D542}
		{7E2F95C5-07C6-42DB-B378-A2A90A45BC49} = {D4755BA7-A689-4E74-94DA-C3B47794D542}
		{E209A823-D997-46E9-ABBF-529CDC015E69} = {D4755BA7-A689-4E74-94DA-C3B47794D542}
	EndGlobalSection
	GlobalSection(ExtensibilityGlobals) = postSolution
		SolutionGuid = {D8F3F05D-5A56-40C8-9A7F-575460D8D99F}
	EndGlobalSection
EndGlobal
